GEM
  remote: https://rubygems.org/
  specs:
    coderay (1.0.8)
    guard (1.5.3)
      listen (>= 0.4.2)
      lumberjack (>= 1.0.2)
      pry (>= 0.9.10)
      thor (>= 0.14.6)
    guard-rake (0.0.7)
      guard
      rake
    listen (0.5.3)
    lumberjack (1.0.2)
    method_source (0.8.1)
    notifier (0.4.1)
    pry (0.9.10)
      coderay (~> 1.0.5)
      method_source (~> 0.8)
      slop (~> 3.3.1)
    rake (0.9.2.2)
    slop (3.3.3)
    talks (0.4.0)
      notifier
    terminal-notifier (1.4.2)
    thor (0.16.0)

PLATFORMS
  ruby

DEPENDENCIES
  guard
  guard-rake
  talks (= 0.4.0)
  terminal-notifier
